
Microsoft Visual Studio Solution File, Format Version 12.00
Project("{FAE04EC0-301F-11D3-BF4B-00C04F79EFBC}") = "Falc.CleanArchitecture.Infrastructure", "src\Falc.CleanArchitecture.Infrastructure\Falc.CleanArchitecture.Infrastructure.csproj", "{4A79978E-CC20-4493-934D-C762E20DD650}"
EndProject
Project("{2150E333-8FDC-42A3-9474-1A3956D46DE8}") = "src", "src", "{9E5A02F7-D732-4DD5-BA3A-A27B5DD3CE10}"
EndProject
Project("{2150E333-8FDC-42A3-9474-1A3956D46DE8}") = "SolutionFolder", "SolutionFolder", "{7D2F7E1E-C629-4C24-BE7C-AFF5EBC66914}"
	ProjectSection(SolutionItems) = preProject
		.gitignore = .gitignore
		README.md = README.md
		global.json = global.json
	EndProjectSection
EndProject
Project("{2150E333-8FDC-42A3-9474-1A3956D46DE8}") = "test", "test", "{2E4D5EC7-42F8-4864-AA90-E69A0D6E91E1}"
EndProject
Project("{FAE04EC0-301F-11D3-BF4B-00C04F79EFBC}") = "Falc.CleanArchitecture.Infrastructure.Test", "test\Falc.CleanArchitecture.Infrastructure.Test\Falc.CleanArchitecture.Infrastructure.Test.csproj", "{85783335-9D41-42B6-AEE1-0FE0F8001AE3}"
EndProject
Global
	GlobalSection(SolutionConfigurationPlatforms) = preSolution
		Debug|Any CPU = Debug|Any CPU
		Release|Any CPU = Release|Any CPU
	EndGlobalSection
	GlobalSection(ProjectConfigurationPlatforms) = postSolution
		{4A79978E-CC20-4493-934D-C762E20DD650}.Debug|Any CPU.ActiveCfg = Debug|Any CPU
		{4A79978E-CC20-4493-934D-C762E20DD650}.Debug|Any CPU.Build.0 = Debug|Any CPU
		{4A79978E-CC20-4493-934D-C762E20DD650}.Release|Any CPU.ActiveCfg = Release|Any CPU
		{4A79978E-CC20-4493-934D-C762E20DD650}.Release|Any CPU.Build.0 = Release|Any CPU
		{85783335-9D41-42B6-AEE1-0FE0F8001AE3}.Debug|Any CPU.ActiveCfg = Debug|Any CPU
		{85783335-9D41-42B6-AEE1-0FE0F8001AE3}.Debug|Any CPU.Build.0 = Debug|Any CPU
		{85783335-9D41-42B6-AEE1-0FE0F8001AE3}.Release|Any CPU.ActiveCfg = Release|Any CPU
		{85783335-9D41-42B6-AEE1-0FE0F8001AE3}.Release|Any CPU.Build.0 = Release|Any CPU
	EndGlobalSection
	GlobalSection(NestedProjects) = preSolution
		{4A79978E-CC20-4493-934D-C762E20DD650} = {9E5A02F7-D732-4DD5-BA3A-A27B5DD3CE10}
		{85783335-9D41-42B6-AEE1-0FE0F8001AE3} = {2E4D5EC7-42F8-4864-AA90-E69A0D6E91E1}
	EndGlobalSection
EndGlobal
